{
  "version": 4,
  "terraform_version": "0.12.24",
  "serial": 3,
  "lineage": "f51e6ac6-a9e8-e0bf-b0e2-a33e08355ad5",
  "outputs": {},
  "resources": [
    {
      "mode": "managed",
      "type": "google_compute_instance",
      "name": "testing",
      "provider": "provider.google",
      "instances": [
        {
          "schema_version": 6,
          "attributes": {
            "allow_stopping_for_update": null,
            "attached_disk": [],
            "boot_disk": [
              {
                "auto_delete": true,
                "device_name": "persistent-disk-0",
                "disk_encryption_key_raw": "",
                "disk_encryption_key_sha256": "",
                "initialize_params": [
                  {
                    "image": "https://www.googleapis.com/compute/v1/projects/centos-cloud/global/images/centos-7-v20200429",
                    "labels": {},
                    "size": 20,
                    "type": "pd-standard"
                  }
                ],
                "kms_key_self_link": "",
                "mode": "READ_WRITE",
                "source": "https://www.googleapis.com/compute/v1/projects/agile-aleph-273106/zones/europe-west1-b/disks/testing"
              }
            ],
            "can_ip_forward": false,
            "cpu_platform": "Intel Haswell",
            "current_status": "RUNNING",
            "deletion_protection": false,
            "description": "",
            "desired_status": null,
            "enable_display": false,
            "guest_accelerator": [],
            "hostname": "",
            "id": "projects/agile-aleph-273106/zones/europe-west1-b/instances/testing",
            "instance_id": "3614440922782493016",
            "label_fingerprint": "42WmSpB8rSM=",
            "labels": null,
            "machine_type": "f1-micro",
            "metadata": null,
            "metadata_fingerprint": "mnDon4_QUg8=",
            "metadata_startup_script": "#!/bin/bash\n\nsudo yum -y update \u0026\u0026 \\\nsudo yum -y epel-repo \u0026\u0026 \\\nsudo yum -y update \u0026\u0026 \\\nsudo yum -y install ansible \u0026\u0026 \\\nsudo yum -y install git \u0026\u0026 \\\necho \"Finish\" \n",
            "min_cpu_platform": "",
            "name": "testing",
            "network_interface": [
              {
                "access_config": [
                  {
                    "nat_ip": "34.78.135.30",
                    "network_tier": "PREMIUM",
                    "public_ptr_domain_name": ""
                  }
                ],
                "alias_ip_range": [],
                "name": "nic0",
                "network": "https://www.googleapis.com/compute/v1/projects/agile-aleph-273106/global/networks/default",
                "network_ip": "10.132.0.5",
                "subnetwork": "https://www.googleapis.com/compute/v1/projects/agile-aleph-273106/regions/europe-west1/subnetworks/default",
                "subnetwork_project": "agile-aleph-273106"
              }
            ],
            "project": "agile-aleph-273106",
            "resource_policies": null,
            "scheduling": [
              {
                "automatic_restart": true,
                "node_affinities": [],
                "on_host_maintenance": "MIGRATE",
                "preemptible": false
              }
            ],
            "scratch_disk": [],
            "self_link": "https://www.googleapis.com/compute/v1/projects/agile-aleph-273106/zones/europe-west1-b/instances/testing",
            "service_account": [],
            "shielded_instance_config": [
              {
                "enable_integrity_monitoring": true,
                "enable_secure_boot": false,
                "enable_vtpm": true
              }
            ],
            "tags": null,
            "tags_fingerprint": "42WmSpB8rSM=",
            "timeouts": null,
            "zone": "europe-west1-b"
          },
          "private": "eyJlMmJmYjczMC1lY2FhLTExZTYtOGY4OC0zNDM2M2JjN2M0YzAiOnsiY3JlYXRlIjoxMjAwMDAwMDAwMDAwLCJkZWxldGUiOjEyMDAwMDAwMDAwMDAsInVwZGF0ZSI6MTIwMDAwMDAwMDAwMH0sInNjaGVtYV92ZXJzaW9uIjoiNiJ9"
        }
      ]
    }
  ]
}
